
Microsoft Visual Studio Solution File, Format Version 12.00
# Visual Studio Version 17
VisualStudioVersion = 17.9.34723.18
MinimumVisualStudioVersion = 10.0.40219.1
Project("{2150E333-8FDC-42A3-9474-1A3956D46DE8}") = "source", "source", "{947CAAA2-91F0-436D-AE13-68AD2678E638}"
EndProject
Project("{9A19103F-16F7-4668-BE54-9A1E7A4F7556}") = "Grove.Web", "Grove.Web\Grove.Web.csproj", "{9823E3AE-DD7D-4899-A418-DC6920095A27}"
EndProject
Project("{9A19103F-16F7-4668-BE54-9A1E7A4F7556}") = "Grove.Handling", "Grove.Handling\Grove.Handling.csproj", "{C38FC7CE-5136-4AE9-ADB1-B43F126A9ED4}"
EndProject
Project("{9A19103F-16F7-4668-BE54-9A1E7A4F7556}") = "Grove.Infrastructure", "Grove.Infrastructure\Grove.Infrastructure.csproj", "{96086D3A-58AF-42C7-A0E7-60EA3D42001C}"
EndProject
Project("{9A19103F-16F7-4668-BE54-9A1E7A4F7556}") = "Grove.Shared", "Grove.Shared\Grove.Shared.csproj", "{E1A8EDA8-C121-485A-81CB-230354B57505}"
EndProject
Project("{9A19103F-16F7-4668-BE54-9A1E7A4F7556}") = "Grove.Data", "Grove.Data\Grove.Data.csproj", "{67992D6F-E18A-4FA5-B47D-B8250198561D}"
EndProject
Project("{9A19103F-16F7-4668-BE54-9A1E7A4F7556}") = "Grove.Logic", "Grove.Logic\Grove.Logic.csproj", "{34E45C0E-5839-4753-9FB0-1A636D006F6B}"
EndProject
Project("{9A19103F-16F7-4668-BE54-9A1E7A4F7556}") = "Grove.Transfer", "Grove.Transfer\Grove.Transfer.csproj", "{26AB73FF-8AD3-4A51-97B8-3345F3F07BFA}"
EndProject
Project("{2150E333-8FDC-42A3-9474-1A3956D46DE8}") = "Data", "Data", "{0148BAB6-406C-4FAC-949A-9AB99BA84CE3}"
EndProject
Project("{2150E333-8FDC-42A3-9474-1A3956D46DE8}") = "Domain", "Domain", "{98928DAE-2D13-4AD1-89A9-CF5AC0A3218E}"
EndProject
Project("{2150E333-8FDC-42A3-9474-1A3956D46DE8}") = "Infrastructure", "Infrastructure", "{D793C7E2-637F-4E71-A2E9-45BA19A6BEB5}"
EndProject
Project("{2150E333-8FDC-42A3-9474-1A3956D46DE8}") = "Shared", "Shared", "{20582614-0B95-40CF-BCA7-8C414DF2899C}"
EndProject
Project("{2150E333-8FDC-42A3-9474-1A3956D46DE8}") = "Tests", "Tests", "{6A9C2B8B-4C38-47CB-8C90-93590A04D8D5}"
EndProject
Global
	GlobalSection(SolutionConfigurationPlatforms) = preSolution
		Debug|Any CPU = Debug|Any CPU
		Release|Any CPU = Release|Any CPU
	EndGlobalSection
	GlobalSection(ProjectConfigurationPlatforms) = postSolution
		{9823E3AE-DD7D-4899-A418-DC6920095A27}.Debug|Any CPU.ActiveCfg = Debug|Any CPU
		{9823E3AE-DD7D-4899-A418-DC6920095A27}.Debug|Any CPU.Build.0 = Debug|Any CPU
		{9823E3AE-DD7D-4899-A418-DC6920095A27}.Release|Any CPU.ActiveCfg = Release|Any CPU
		{9823E3AE-DD7D-4899-A418-DC6920095A27}.Release|Any CPU.Build.0 = Release|Any CPU
		{C38FC7CE-5136-4AE9-ADB1-B43F126A9ED4}.Debug|Any CPU.ActiveCfg = Debug|Any CPU
		{C38FC7CE-5136-4AE9-ADB1-B43F126A9ED4}.Debug|Any CPU.Build.0 = Debug|Any CPU
		{C38FC7CE-5136-4AE9-ADB1-B43F126A9ED4}.Release|Any CPU.ActiveCfg = Release|Any CPU
		{C38FC7CE-5136-4AE9-ADB1-B43F126A9ED4}.Release|Any CPU.Build.0 = Release|Any CPU
		{96086D3A-58AF-42C7-A0E7-60EA3D42001C}.Debug|Any CPU.ActiveCfg = Debug|Any CPU
		{96086D3A-58AF-42C7-A0E7-60EA3D42001C}.Debug|Any CPU.Build.0 = Debug|Any CPU
		{96086D3A-58AF-42C7-A0E7-60EA3D42001C}.Release|Any CPU.ActiveCfg = Release|Any CPU
		{96086D3A-58AF-42C7-A0E7-60EA3D42001C}.Release|Any CPU.Build.0 = Release|Any CPU
		{E1A8EDA8-C121-485A-81CB-230354B57505}.Debug|Any CPU.ActiveCfg = Debug|Any CPU
		{E1A8EDA8-C121-485A-81CB-230354B57505}.Debug|Any CPU.Build.0 = Debug|Any CPU
		{E1A8EDA8-C121-485A-81CB-230354B57505}.Release|Any CPU.ActiveCfg = Release|Any CPU
		{E1A8EDA8-C121-485A-81CB-230354B57505}.Release|Any CPU.Build.0 = Release|Any CPU
		{67992D6F-E18A-4FA5-B47D-B8250198561D}.Debug|Any CPU.ActiveCfg = Debug|Any CPU
		{67992D6F-E18A-4FA5-B47D-B8250198561D}.Debug|Any CPU.Build.0 = Debug|Any CPU
		{67992D6F-E18A-4FA5-B47D-B8250198561D}.Release|Any CPU.ActiveCfg = Release|Any CPU
		{67992D6F-E18A-4FA5-B47D-B8250198561D}.Release|Any CPU.Build.0 = Release|Any CPU
		{34E45C0E-5839-4753-9FB0-1A636D006F6B}.Debug|Any CPU.ActiveCfg = Debug|Any CPU
		{34E45C0E-5839-4753-9FB0-1A636D006F6B}.Debug|Any CPU.Build.0 = Debug|Any CPU
		{34E45C0E-5839-4753-9FB0-1A636D006F6B}.Release|Any CPU.ActiveCfg = Release|Any CPU
		{34E45C0E-5839-4753-9FB0-1A636D006F6B}.Release|Any CPU.Build.0 = Release|Any CPU
		{26AB73FF-8AD3-4A51-97B8-3345F3F07BFA}.Debug|Any CPU.ActiveCfg = Debug|Any CPU
		{26AB73FF-8AD3-4A51-97B8-3345F3F07BFA}.Debug|Any CPU.Build.0 = Debug|Any CPU
		{26AB73FF-8AD3-4A51-97B8-3345F3F07BFA}.Release|Any CPU.ActiveCfg = Release|Any CPU
		{26AB73FF-8AD3-4A51-97B8-3345F3F07BFA}.Release|Any CPU.Build.0 = Release|Any CPU
	EndGlobalSection
	GlobalSection(SolutionProperties) = preSolution
		HideSolutionNode = FALSE
	EndGlobalSection
	GlobalSection(NestedProjects) = preSolution
		{9823E3AE-DD7D-4899-A418-DC6920095A27} = {947CAAA2-91F0-436D-AE13-68AD2678E638}
		{C38FC7CE-5136-4AE9-ADB1-B43F126A9ED4} = {98928DAE-2D13-4AD1-89A9-CF5AC0A3218E}
		{96086D3A-58AF-42C7-A0E7-60EA3D42001C} = {D793C7E2-637F-4E71-A2E9-45BA19A6BEB5}
		{E1A8EDA8-C121-485A-81CB-230354B57505} = {20582614-0B95-40CF-BCA7-8C414DF2899C}
		{67992D6F-E18A-4FA5-B47D-B8250198561D} = {0148BAB6-406C-4FAC-949A-9AB99BA84CE3}
		{34E45C0E-5839-4753-9FB0-1A636D006F6B} = {98928DAE-2D13-4AD1-89A9-CF5AC0A3218E}
		{26AB73FF-8AD3-4A51-97B8-3345F3F07BFA} = {20582614-0B95-40CF-BCA7-8C414DF2899C}
		{0148BAB6-406C-4FAC-949A-9AB99BA84CE3} = {947CAAA2-91F0-436D-AE13-68AD2678E638}
		{98928DAE-2D13-4AD1-89A9-CF5AC0A3218E} = {947CAAA2-91F0-436D-AE13-68AD2678E638}
		{D793C7E2-637F-4E71-A2E9-45BA19A6BEB5} = {947CAAA2-91F0-436D-AE13-68AD2678E638}
		{20582614-0B95-40CF-BCA7-8C414DF2899C} = {947CAAA2-91F0-436D-AE13-68AD2678E638}
		{6A9C2B8B-4C38-47CB-8C90-93590A04D8D5} = {947CAAA2-91F0-436D-AE13-68AD2678E638}
	EndGlobalSection
	GlobalSection(ExtensibilityGlobals) = postSolution
		SolutionGuid = {A947B842-CA15-4DAE-87EB-67268554F885}
	EndGlobalSection
EndGlobal
